
Microsoft Visual Studio Solution File, Format Version 12.00
# Visual Studio 2012
Project("{FAE04EC0-301F-11D3-BF4B-00C04F79EFBC}") = "calysto-xna", "calysto-xna\calysto-xna\calysto-xna.csproj", "{DE99A68F-B790-4A99-B46E-E35FE15F9EFE}"
EndProject
Project("{96E2B04D-8817-42C6-938A-82C39BA4D311}") = "calysto-xnaContent", "calysto-xna\calysto-xnaContent\calysto-xnaContent.contentproj", "{176C68BD-296A-443E-95CF-E279E6DC4EC9}"
EndProject
Global
	GlobalSection(SolutionConfigurationPlatforms) = preSolution
		Debug|x86 = Debug|x86
		Release|x86 = Release|x86
	EndGlobalSection
	GlobalSection(ProjectConfigurationPlatforms) = postSolution
		{DE99A68F-B790-4A99-B46E-E35FE15F9EFE}.Debug|x86.ActiveCfg = Debug|x86
		{DE99A68F-B790-4A99-B46E-E35FE15F9EFE}.Debug|x86.Build.0 = Debug|x86
		{DE99A68F-B790-4A99-B46E-E35FE15F9EFE}.Release|x86.ActiveCfg = Release|x86
		{DE99A68F-B790-4A99-B46E-E35FE15F9EFE}.Release|x86.Build.0 = Release|x86
		{176C68BD-296A-443E-95CF-E279E6DC4EC9}.Debug|x86.ActiveCfg = Debug|x86
		{176C68BD-296A-443E-95CF-E279E6DC4EC9}.Release|x86.ActiveCfg = Release|x86
	EndGlobalSection
	GlobalSection(SolutionProperties) = preSolution
		HideSolutionNode = FALSE
	EndGlobalSection
EndGlobal
